
Microsoft Visual Studio Solution File, Format Version 12.00
# Visual Studio Version 17
VisualStudioVersion = 17.0.31717.71
MinimumVisualStudioVersion = 10.0.40219.1
Project("{FAE04EC0-301F-11D3-BF4B-00C04F79EFBC}") = "NeoAgi.AWS.CodeArtifact.Pruner", "NeoAgi.AWS.CodeArtifact.Pruner\NeoAgi.AWS.CodeArtifact.Pruner.csproj", "{106FF619-48FA-474F-ADF4-0ED7B97F88C0}"
EndProject
Global
	GlobalSection(SolutionConfigurationPlatforms) = preSolution
		Debug|Any CPU = Debug|Any CPU
		Release|Any CPU = Release|Any CPU
	EndGlobalSection
	GlobalSection(ProjectConfigurationPlatforms) = postSolution
		{106FF619-48FA-474F-ADF4-0ED7B97F88C0}.Debug|Any CPU.ActiveCfg = Debug|Any CPU
		{106FF619-48FA-474F-ADF4-0ED7B97F88C0}.Debug|Any CPU.Build.0 = Debug|Any CPU
		{106FF619-48FA-474F-ADF4-0ED7B97F88C0}.Release|Any CPU.ActiveCfg = Release|Any CPU
		{106FF619-48FA-474F-ADF4-0ED7B97F88C0}.Release|Any CPU.Build.0 = Release|Any CPU
	EndGlobalSection
	GlobalSection(SolutionProperties) = preSolution
		HideSolutionNode = FALSE
	EndGlobalSection
	GlobalSection(ExtensibilityGlobals) = postSolution
		SolutionGuid = {AD763B99-F826-45AF-872A-F42ED29B9F23}
	EndGlobalSection
EndGlobal
